{
  "name": "dummy-mod",
  "version": "1.0.0",
  "lockfileVersion": 3,
  "requires": true,
  "packages": {
    "": {
      "name": "dummy-mod",
      "version": "1.0.0",
      "dependencies": {
        "portrail": "file:portrail-1.0.0.tgz"
      }
    },
    "node_modules/@yunixos/paradoxical": {
      "version": "0.1.6",
      "resolved": "https://registry.npmjs.org/@yunixos/paradoxical/-/paradoxical-0.1.6.tgz",
      "integrity": "sha512-JH4W4weJd6Ojqnk6yozUoZlkHQVFFv3xs+pSyuMqw1Zb3R++wzFUiGT26sXrUEqeKrJs/TAO4qtiG6GDREslDg==",
      "license": "ISC",
      "dependencies": {
        "typescript": "^6.0.3"
      }
    },
    "node_modules/portrail": {
      "version": "1.0.0",
      "resolved": "file:portrail-1.0.0.tgz",
      "integrity": "sha512-LfiFQXScGXRYjk9XIu69s8dr0TSC65DqwG8tEgUJs/z9vG04L8ZU8ZhenuYEPeruwB233cVSnfPuBogQBCV0sw==",
      "dependencies": {
        "@yunixos/paradoxical": "^0.1.6"
      }
    },
    "node_modules/typescript": {
      "version": "6.0.3",
      "resolved": "https://registry.npmjs.org/typescript/-/typescript-6.0.3.tgz",
      "integrity": "sha512-y2TvuxSZPDyQakkFRPZHKFm+KKVqIisdg9/CZwm9ftvKXLP8NRWj38/ODjNbr43SsoXqNuAisEf1GdCxqWcdBw==",
      "license": "Apache-2.0",
      "bin": {
        "tsc": "bin/tsc",
        "tsserver": "bin/tsserver"
      },
      "engines": {
        "node": ">=14.17"
      }
    }
  }
}
