{
  "name": "dummy-mod",
  "version": "1.0.0",
  "lockfileVersion": 3,
  "requires": true,
  "packages": {
    "": {
      "name": "dummy-mod",
      "version": "1.0.0",
      "dependencies": {
        "portrail": "file:portrail-1.0.0.tgz"
      }
    },
    "node_modules/@yunixos/paradoxical": {
      "version": "0.1.5",
      "resolved": "https://registry.npmjs.org/@yunixos/paradoxical/-/paradoxical-0.1.5.tgz",
      "integrity": "sha512-JKdGKOUIpLqkRrKkCV9p/lJ62+7LDPJD9kp9z1rkzm+aooQwZAQDrlvQLqTT0qrUzPAfYWylem99/HDJCVv+Nw==",
      "license": "ISC",
      "dependencies": {
        "typescript": "^6.0.3"
      }
    },
    "node_modules/portrail": {
      "version": "1.0.0",
      "resolved": "file:portrail-1.0.0.tgz",
      "integrity": "sha512-GNnc4auz8Z0kFFDqXRTkPTz5vlBxYlBt31bZIVH7Kp2a+inIW6AmDlzzyOcFwcCn4GDtZlDBS4r6otAZIC3oqQ==",
      "dependencies": {
        "@yunixos/paradoxical": "^0.1.5"
      }
    },
    "node_modules/typescript": {
      "version": "6.0.3",
      "resolved": "https://registry.npmjs.org/typescript/-/typescript-6.0.3.tgz",
      "integrity": "sha512-y2TvuxSZPDyQakkFRPZHKFm+KKVqIisdg9/CZwm9ftvKXLP8NRWj38/ODjNbr43SsoXqNuAisEf1GdCxqWcdBw==",
      "license": "Apache-2.0",
      "bin": {
        "tsc": "bin/tsc",
        "tsserver": "bin/tsserver"
      },
      "engines": {
        "node": ">=14.17"
      }
    }
  }
}
